
Microsoft Visual Studio Solution File, Format Version 12.00
# Visual Studio Version 16
VisualStudioVersion = 16.0.30907.101
MinimumVisualStudioVersion = 10.0.40219.1
Project("{FAE04EC0-301F-11D3-BF4B-00C04F79EFBC}") = "Freelancer", "Freelancer.csproj", "{DA00E29F-21C5-4E0B-BA25-043EDABC50A5}"
EndProject
Global
	GlobalSection(SolutionConfigurationPlatforms) = preSolution
		Debug|Any CPU = Debug|Any CPU
		Release|Any CPU = Release|Any CPU
	EndGlobalSection
	GlobalSection(ProjectConfigurationPlatforms) = postSolution
		{DA00E29F-21C5-4E0B-BA25-043EDABC50A5}.Debug|Any CPU.ActiveCfg = Debug|Any CPU
		{DA00E29F-21C5-4E0B-BA25-043EDABC50A5}.Debug|Any CPU.Build.0 = Debug|Any CPU
		{DA00E29F-21C5-4E0B-BA25-043EDABC50A5}.Release|Any CPU.ActiveCfg = Release|Any CPU
		{DA00E29F-21C5-4E0B-BA25-043EDABC50A5}.Release|Any CPU.Build.0 = Release|Any CPU
	EndGlobalSection
	GlobalSection(SolutionProperties) = preSolution
		HideSolutionNode = FALSE
	EndGlobalSection
	GlobalSection(ExtensibilityGlobals) = postSolution
		SolutionGuid = {98257EB8-C373-4CB6-BCE2-AB3DA5E75B73}
	EndGlobalSection
EndGlobal
